github.com/inconshreveable/log15 v0.0.0-20180818164646-67afb5ed74ec h1:CGkYB1Q7DSsH/ku+to+foV4agt2F2miquaLUgF6L178=
github.com/inconshreveable/log15 v0.0.0-20180818164646-67afb5ed74ec/go.mod h1:cOaXtrgN4ScfRrD9Bre7U1thNq5RtJ8ZoP4iXVGRj6o=
github.com/mattn/go-colorable v0.1.2 h1:/bC9yWikZXAL9uJdulbSfyVNIR3n3trXl+v8+1sx8mU=
github.com/mattn/go-colorable v0.1.2/go.mod h1:U0ppj6V5qS13XJ6of8GYAs25YV2eR4EVcfRqFIhoBtE=
github.com/mattn/go-isatty v0.0.8 h1:HLtExJ+uU2HOZ+wI0Tt5DtUDrx8yhUqDcp7fYERX4CE=
github.com/mattn/go-isatty v0.0.8/go.mod h1:Iq45c/XA43vh69/j3iqttzPXn0bhXyGjM0Hdxcsrc5s=
github.com/revel/config v0.21.0 h1:Bw4iXLGAuD/Di2HEhPSOyDywrTlFIXUMbds91lXTtTU=
github.com/revel/config v0.21.0/go.mod h1:GT4a9px5kDGRqLizcw/md0QFErrhen76toz4qS3oIoI=
github.com/revel/log15 v2.11.20+incompatible h1:JkA4tbwIo/UGEMumY50zndKq816RQW3LQ0wIpRc+32U=
github.com/revel/log15 v2.11.20+incompatible/go.mod h1:l0WmLRs+IM1hBl4noJiBc2tZQiOgZyXzS1mdmFt+5Gc=
github.com/revel/modules v0.0.0-20190502182740-2737bfdaa8c4/go.mod h1:UBlNmO9VGZo4j6Ptn2uC/26Iclefuic+V40jYRPBxQE=
github.com/revel/modules v0.21.0 h1:9hA0/Q1AMbVkwNKDc50quOU6p9JbzX6SO1aWGEM84NE=
github.com/revel/modules v0.21.0/go.mod h1:UBlNmO9VGZo4j6Ptn2uC/26Iclefuic+V40jYRPBxQE=
github.com/revel/pathtree v0.0.0-20140121041023-41257a1839e9 h1:/d6kfjzjyx19ieWqMOXHSTLFuRxLOH15ZubtcAXExKw=
github.com/revel/pathtree v0.0.0-20140121041023-41257a1839e9/go.mod h1:TmlwoRLDvgRjoTe6rbsxIaka/CulzYrgfef7iNJcEWY=
github.com/revel/revel v0.21.0 h1:E6kDJmpJSDb0F8XwbyG5h4ayzpZ+8Wcw2IiPZW/2qSc=
github.com/revel/revel v0.21.0/go.mod h1:VZWJnHjpDEtuGUuZJ2NO42XryitrtwsdVaJxfDeo5yc=
github.com/satori/go.uuid v1.2.0 h1:0uYX9dsZ2yD7q2RtLRtPSdGDWzjeM3TbMJP9utgA0ww=
github.com/satori/go.uuid v1.2.0/go.mod h1:dA0hQrYB0VpLJoorglMZABFdXlWrHn1NEOzdhQKdks0=
github.com/twinj/uuid v1.0.0 h1:fzz7COZnDrXGTAOHGuUGYd6sG+JMq+AoE7+Jlu0przk=
github.com/twinj/uuid v1.0.0/go.mod h1:mMgcE1RHFUFqe5AfiwlINXisXfDGro23fWdPUfOMjRY=
github.com/xeonx/timeago v1.0.0-rc4 h1:9rRzv48GlJC0vm+iBpLcWAr8YbETyN9Vij+7h2ammz4=
github.com/xeonx/timeago v1.0.0-rc4/go.mod h1:qDLrYEFynLO7y5Ho7w3GwgtYgpy5UfhcXIIQvMKVDkA=
golang.org/x/crypto v0.0.0-20190308221718-c2843e01d9a2/go.mod h1:djNgcEr1/C05ACkg1iLfiJU5Ep61QUkGW8qpdssI0+w=
golang.org/x/crypto v0.0.0-20190701094942-4def268fd1a4 h1:HuIa8hRrWRSrqYzx1qI49NNxhdi2PrY7gxVSq1JjLDc=
golang.org/x/crypto v0.0.0-20190701094942-4def268fd1a4/go.mod h1:yigFU9vqHzYiE8UmvKecakEJjdnWj3jj499lnFckfCI=
golang.org/x/net v0.0.0-20190404232315-eb5bcb51f2a3/go.mod h1:t9HGtf8HONx5eT2rtn7q6eTqICYqUVnKs3thJo3Qplg=
golang.org/x/net v0.0.0-20190620200207-3b0461eec859/go.mod h1:z5CRVTTTmAJ677TzLLGU+0bjPO0LkuOLi4/5GtJWs/s=
golang.org/x/net v0.0.0-20190628185345-da137c7871d7 h1:rTIdg5QFRR7XCaK4LCjBiPbx8j4DQRpdYMnGn/bJUEU=
golang.org/x/net v0.0.0-20190628185345-da137c7871d7/go.mod h1:z5CRVTTTmAJ677TzLLGU+0bjPO0LkuOLi4/5GtJWs/s=
golang.org/x/sync v0.0.0-20190423024810-112230192c58/go.mod h1:RxMgew5VJxzue5/jJTE5uejpjVlOe/izrB70Jof72aM=
golang.org/x/sys v0.0.0-20190215142949-d0b11bdaac8a/go.mod h1:STP8DvDyc/dI5b8T5hshtkjS+E42TnysNCUPdjciGhY=
golang.org/x/sys v0.0.0-20190222072716-a9d3bda3a223/go.mod h1:STP8DvDyc/dI5b8T5hshtkjS+E42TnysNCUPdjciGhY=
golang.org/x/sys v0.0.0-20190412213103-97732733099d/go.mod h1:h1NjWce9XRLGQEsW7wpKNCjG9DtNlClVuFLEZdDNbEs=
golang.org/x/sys v0.0.0-20190712062909-fae7ac547cb7 h1:LepdCS8Gf/MVejFIt8lsiexZATdoGVyp5bcyS+rYoUI=
golang.org/x/sys v0.0.0-20190712062909-fae7ac547cb7/go.mod h1:h1NjWce9XRLGQEsW7wpKNCjG9DtNlClVuFLEZdDNbEs=
golang.org/x/text v0.3.0/go.mod h1:NqM8EUOU14njkJ3fqMW+pc6Ldnwhi/IjpwHt7yyuwOQ=
golang.org/x/text v0.3.2/go.mod h1:bEr9sfX3Q8Zfm5fL9x+3itogRgK3+ptLWKqgva+5dAk=
golang.org/x/tools v0.0.0-20180917221912-90fa682c2a6e/go.mod h1:n7NCudcB/nEzxVGmLbDWY5pfWTLqBcC2KZ6jyYvM4mQ=
golang.org/x/tools v0.0.0-20190716021316-fefcef05abb1/go.mod h1:jcCCGcm9btYwXyDqrUWc6MKQKKGJCWEQ3AfLSRIbEuI=
golang.org/x/vgo v0.0.0-20180912184537-9d567625acf4 h1:ouUW0k6XvH360Tr2/HkzQWY7/aU+3QVkfWnrRNf2udQ=
golang.org/x/vgo v0.0.0-20180912184537-9d567625acf4/go.mod h1:rPwukS3Aj8LZv1dK2rFNXSfYxdueYuvBJ7u3uL3f47I=
gopkg.in/fsnotify/fsnotify.v1 v1.4.7 h1:XNNYLJHt73EyYiCZi6+xjupS9CpvmiDgjPTAjrBlQbo=
gopkg.in/fsnotify/fsnotify.v1 v1.4.7/go.mod h1:Fyux9zXlo4rWoMSIzpn9fDAYjalPqJ/K1qJ27s+7ltE=
gopkg.in/natefinch/lumberjack.v2 v2.0.0-20170531160350-a96e63847dc3 h1:AFxeG48hTWHhDTQDk/m2gorfVHUEa9vo3tp3D7TzwjI=
gopkg.in/natefinch/lumberjack.v2 v2.0.0-20170531160350-a96e63847dc3/go.mod h1:l0ndWWf7gzL7RNwBG7wST/UCcT4T24xpD6X8LsfU/+k=
gopkg.in/stack.v0 v0.0.0-20141108040640-9b43fcefddd0 h1:lMH45EKqD8Nf6LwoF+43YOKjOAEEHQRVgDyG8RCV4MU=
gopkg.in/stack.v0 v0.0.0-20141108040640-9b43fcefddd0/go.mod h1:kl/bNzW/jgTgUOCGDj3XPn9/Hbfhw6pjfBRUnaTioFQ=
