# This file is autogenerated, do not edit; changes may be undone by the next 'dep ensure'.


[[projects]]
  digest = "1:a4fcebba8c1b8ae25dd31f1cfa6c6ed5b1e5719ab2e9e1c18e8c98969ebde215"
  name = "github.com/inconshreveable/log15"
  packages = ["term"]
  pruneopts = ""
  revision = "67afb5ed74ec82fd7ac8f49d27c509ac6f991970"
  version = "v2.14"

[[projects]]
  digest = "1:d260ca4db8ced0871a1c06440b1e5835e2d982ed660ca529957d67f28cf24592"
  name = "github.com/mattn/go-colorable"
  packages = ["."]
  pruneopts = ""
  revision = "8029fb3788e5a4a9c00e415f586a6d033f5d38b3"
  version = "v0.1.2"

[[projects]]
  digest = "1:dbfae9da5a674236b914e486086671145b37b5e3880a38da906665aede3c9eab"
  name = "github.com/mattn/go-isatty"
  packages = ["."]
  pruneopts = ""
  revision = "1311e847b0cb909da63b5fecfb5370aa66236465"
  version = "v0.0.8"

[[projects]]
  digest = "1:17c45c7e1dd9a5225559e9e50936c2916e57bb79d21e9f5064acb16ec11e449a"
  name = "github.com/revel/config"
  packages = ["."]
  pruneopts = ""
  revision = "a81c4105c36841d27e529f875b6062da7b8f986c"
  version = "v0.21.0"

[[projects]]
  branch = "master"
  digest = "1:f45f196b397a7697584d6235b8fdc129c4ab3289ac83b1746983a957a191ae21"
  name = "github.com/revel/log15"
  packages = ["."]
  pruneopts = ""
  revision = "793412a67da6f8d15fede4c38f5c66272478cb8a"

[[projects]]
  branch = "master"
  digest = "1:e9ba6a34ad011854cedae88e7094bd4ffc571d3ca892b040128ada81ae82de7e"
  name = "github.com/revel/modules"
  packages = [
    ".",
    "static/app/controllers",
    "static/app/model",
    "testrunner/app",
    "testrunner/app/controllers",
  ]
  pruneopts = ""
  revision = "2737bfdaa8c41da68eae12bb18f7279b9f156048"

[[projects]]
  branch = "master"
  digest = "1:3873ef6b952e4e21908cb42873ece035021820914a73eabd10c54f14548223a5"
  name = "github.com/revel/pathtree"
  packages = ["."]
  pruneopts = ""
  revision = "41257a1839e945fce74afd070e02bab2ea2c776a"

[[projects]]
  branch = "master"
  digest = "1:afc655510d75b958e91c1f156997f1b1875790c1383f9ba67a041ffe283ba604"
  name = "github.com/revel/revel"
  packages = [
    ".",
    "logger",
    "model",
    "session",
    "testing",
    "utils",
  ]
  pruneopts = ""
  revision = "a3d7a7c23ca885cc5036d3641ede49ce4a14ee2e"

[[projects]]
  digest = "1:c27b9d796a0011b90661dc71cb6627d844372327c9e1f306d0713ed679139ebf"
  name = "github.com/twinj/uuid"
  packages = ["."]
  pruneopts = ""
  revision = "835a10bbd6bce40820349a68b1368a62c3c5617c"
  version = "v1.0.0"

[[projects]]
  branch = "master"
  digest = "1:13523c966ab998994295876878a9bbecd3f37b3cd2c77a11644fe8ae63b22670"
  name = "github.com/xeonx/timeago"
  packages = ["."]
  pruneopts = ""
  revision = "4e7d8c1f9a433881f64a7f87f51e494186857982"

[[projects]]
  branch = "master"
  digest = "1:31cd6e3c114e17c5f0c9e8b0bcaa3025ab3c221ce36323c7ce1acaa753d0d0aa"
  name = "golang.org/x/net"
  packages = ["websocket"]
  pruneopts = ""
  revision = "da137c7871d730100384dbcf36e6f8fa493aef5b"

[[projects]]
  branch = "master"
  digest = "1:8d8dab33e614e3839a47bbb340189458c28c58e60655023d20eeb92b7300768a"
  name = "golang.org/x/sys"
  packages = ["unix"]
  pruneopts = ""
  revision = "fae7ac547cb717d141c433a2a173315e216b64c4"

[[projects]]
  digest = "1:eb53021a8aa3f599d29c7102e65026242bdedce998a54837dc67f14b6a97c5fd"
  name = "gopkg.in/fsnotify/fsnotify.v1"
  packages = ["."]
  pruneopts = ""
  revision = "c2828203cd70a50dcccfb2761f8b1f8ceef9a8e9"
  version = "v1.4.7"

[[projects]]
  digest = "1:11c58e19ff7ce22740423bb933f1ddca3bf575def40d5ac3437ec12871b1648b"
  name = "gopkg.in/natefinch/lumberjack.v2"
  packages = ["."]
  pruneopts = ""
  revision = "a96e63847dc3c67d17befa69c303767e2f84e54f"
  version = "v2.1"

[[projects]]
  branch = "v0"
  digest = "1:6aec919ba0088e4eb5affc6598fa9fcd9ec71d4127a19841176570a55b908384"
  name = "gopkg.in/stack.v0"
  packages = ["."]
  pruneopts = ""
  revision = "9b43fcefddd0178abdabf4d484ab0d695d0011db"

[solve-meta]
  analyzer-name = "dep"
  analyzer-version = 1
  input-imports = [
    "github.com/revel/modules",
    "github.com/revel/modules/static/app/controllers",
    "github.com/revel/modules/testrunner/app",
    "github.com/revel/modules/testrunner/app/controllers",
    "github.com/revel/revel",
    "github.com/revel/revel/testing",
  ]
  solver-name = "gps-cdcl"
  solver-version = 1
